
Microsoft Visual Studio Solution File, Format Version 12.00
# Visual Studio Version 16
VisualStudioVersion = 16.0.29613.14
MinimumVisualStudioVersion = 10.0.40219.1
Project("{9A19103F-16F7-4668-BE54-9A1E7A4F7556}") = "Database", "Databases\Database\Database.csproj", "{4DBDA720-3632-4D7E-B6C4-61C8B020C5D4}"
EndProject
Project("{9A19103F-16F7-4668-BE54-9A1E7A4F7556}") = "Packets.Core", "Packets\Packets.Core\Packets.Core.csproj", "{0A0D3A86-01F2-4881-87CB-E1C9DF7585F6}"
EndProject
Project("{9A19103F-16F7-4668-BE54-9A1E7A4F7556}") = "Packets.Server.Login", "Packets\Packets.Server.Login\Packets.Server.Login.csproj", "{823931F3-835C-4AD2-8524-6E603FB6B089}"
EndProject
Project("{9A19103F-16F7-4668-BE54-9A1E7A4F7556}") = "Packets.Server.Game", "Packets\Packets.Server.Game\Packets.Server.Game.csproj", "{C5B1FCA0-8029-4012-ACF5-C96273179CA9}"
EndProject
Project("{9A19103F-16F7-4668-BE54-9A1E7A4F7556}") = "Core", "Servers\Core\Core.csproj", "{69C31B9B-2CA5-45AF-B183-70C7B621544B}"
EndProject
Project("{9A19103F-16F7-4668-BE54-9A1E7A4F7556}") = "Server.Login", "Servers\Server.Login\Server.Login.csproj", "{2D8CB655-B157-4A51-B9ED-3C833923D468}"
EndProject
Project("{9A19103F-16F7-4668-BE54-9A1E7A4F7556}") = "Server.Game", "Servers\Server.Game\Server.Game.csproj", "{7236F450-DD60-4BEC-BA50-ED3EAFB692F8}"
EndProject
Project("{9A19103F-16F7-4668-BE54-9A1E7A4F7556}") = "DumpAndParserPackets", "Utilities\DumpAndParserPackets\DumpAndParserPackets.csproj", "{33D645DB-B09B-4D18-8BB4-192CA562B618}"
EndProject
Project("{9A19103F-16F7-4668-BE54-9A1E7A4F7556}") = "InfoDatParser", "Utilities\InfoDatParser\InfoDatParser.csproj", "{3A5B8E53-F6D5-45FF-A064-8CFE3EAC8EB7}"
EndProject
Project("{9A19103F-16F7-4668-BE54-9A1E7A4F7556}") = "TranslateLangPack", "Utilities\TranslateLangPack\TranslateLangPack.csproj", "{2E94E629-2DF8-4E33-8EBE-B6170BC04A15}"
EndProject
Project("{2150E333-8FDC-42A3-9474-1A3956D46DE8}") = "Databases", "Databases", "{CAF26647-489F-471F-B438-C5C165C4AB1D}"
EndProject
Project("{2150E333-8FDC-42A3-9474-1A3956D46DE8}") = "Packets", "Packets", "{D432586A-2535-4BDE-9630-9DA73451C9FB}"
EndProject
Project("{2150E333-8FDC-42A3-9474-1A3956D46DE8}") = "Servers", "Servers", "{3EF70A08-286F-414C-A4FD-67166A1F8202}"
EndProject
Project("{2150E333-8FDC-42A3-9474-1A3956D46DE8}") = "Utilities", "Utilities", "{F100D7A1-28B3-4524-90D7-A802C629E545}"
	ProjectSection(SolutionItems) = preProject
		Utilities\FieldW.h = Utilities\FieldW.h
	EndProjectSection
EndProject
Project("{9A19103F-16F7-4668-BE54-9A1E7A4F7556}") = "Database.Balance", "Databases\Database.Balance\Database.Balance.csproj", "{7CE532F2-3D85-4B39-AF06-EF4CF2C175E9}"
EndProject
Project("{2150E333-8FDC-42A3-9474-1A3956D46DE8}") = "Sites", "Sites", "{6E871B7F-D3CE-4EF4-9B09-786518501F15}"
EndProject
Project("{9A19103F-16F7-4668-BE54-9A1E7A4F7556}") = "Site.Balance", "Sites\Site.Balance\Site.Balance.csproj", "{AB1B9030-C39D-40D2-9A0B-3ED5CEBDAFB3}"
EndProject
Project("{9A19103F-16F7-4668-BE54-9A1E7A4F7556}") = "Database.Core", "Database.Core\Database.Core.csproj", "{9D811B1D-9BE3-434C-9BD2-C5EFC7CCC363}"
EndProject
Global
	GlobalSection(SolutionConfigurationPlatforms) = preSolution
		Debug|Any CPU = Debug|Any CPU
		Release|Any CPU = Release|Any CPU
	EndGlobalSection
	GlobalSection(ProjectConfigurationPlatforms) = postSolution
		{4DBDA720-3632-4D7E-B6C4-61C8B020C5D4}.Debug|Any CPU.ActiveCfg = Debug|Any CPU
		{4DBDA720-3632-4D7E-B6C4-61C8B020C5D4}.Debug|Any CPU.Build.0 = Debug|Any CPU
		{4DBDA720-3632-4D7E-B6C4-61C8B020C5D4}.Release|Any CPU.ActiveCfg = Release|Any CPU
		{4DBDA720-3632-4D7E-B6C4-61C8B020C5D4}.Release|Any CPU.Build.0 = Release|Any CPU
		{0A0D3A86-01F2-4881-87CB-E1C9DF7585F6}.Debug|Any CPU.ActiveCfg = Debug|Any CPU
		{0A0D3A86-01F2-4881-87CB-E1C9DF7585F6}.Debug|Any CPU.Build.0 = Debug|Any CPU
		{0A0D3A86-01F2-4881-87CB-E1C9DF7585F6}.Release|Any CPU.ActiveCfg = Release|Any CPU
		{0A0D3A86-01F2-4881-87CB-E1C9DF7585F6}.Release|Any CPU.Build.0 = Release|Any CPU
		{823931F3-835C-4AD2-8524-6E603FB6B089}.Debug|Any CPU.ActiveCfg = Debug|Any CPU
		{823931F3-835C-4AD2-8524-6E603FB6B089}.Debug|Any CPU.Build.0 = Debug|Any CPU
		{823931F3-835C-4AD2-8524-6E603FB6B089}.Release|Any CPU.ActiveCfg = Release|Any CPU
		{823931F3-835C-4AD2-8524-6E603FB6B089}.Release|Any CPU.Build.0 = Release|Any CPU
		{C5B1FCA0-8029-4012-ACF5-C96273179CA9}.Debug|Any CPU.ActiveCfg = Debug|Any CPU
		{C5B1FCA0-8029-4012-ACF5-C96273179CA9}.Debug|Any CPU.Build.0 = Debug|Any CPU
		{C5B1FCA0-8029-4012-ACF5-C96273179CA9}.Release|Any CPU.ActiveCfg = Release|Any CPU
		{C5B1FCA0-8029-4012-ACF5-C96273179CA9}.Release|Any CPU.Build.0 = Release|Any CPU
		{69C31B9B-2CA5-45AF-B183-70C7B621544B}.Debug|Any CPU.ActiveCfg = Debug|Any CPU
		{69C31B9B-2CA5-45AF-B183-70C7B621544B}.Debug|Any CPU.Build.0 = Debug|Any CPU
		{69C31B9B-2CA5-45AF-B183-70C7B621544B}.Release|Any CPU.ActiveCfg = Release|Any CPU
		{69C31B9B-2CA5-45AF-B183-70C7B621544B}.Release|Any CPU.Build.0 = Release|Any CPU
		{2D8CB655-B157-4A51-B9ED-3C833923D468}.Debug|Any CPU.ActiveCfg = Debug|Any CPU
		{2D8CB655-B157-4A51-B9ED-3C833923D468}.Debug|Any CPU.Build.0 = Debug|Any CPU
		{2D8CB655-B157-4A51-B9ED-3C833923D468}.Release|Any CPU.ActiveCfg = Release|Any CPU
		{2D8CB655-B157-4A51-B9ED-3C833923D468}.Release|Any CPU.Build.0 = Release|Any CPU
		{7236F450-DD60-4BEC-BA50-ED3EAFB692F8}.Debug|Any CPU.ActiveCfg = Debug|Any CPU
		{7236F450-DD60-4BEC-BA50-ED3EAFB692F8}.Debug|Any CPU.Build.0 = Debug|Any CPU
		{7236F450-DD60-4BEC-BA50-ED3EAFB692F8}.Release|Any CPU.ActiveCfg = Release|Any CPU
		{7236F450-DD60-4BEC-BA50-ED3EAFB692F8}.Release|Any CPU.Build.0 = Release|Any CPU
		{33D645DB-B09B-4D18-8BB4-192CA562B618}.Debug|Any CPU.ActiveCfg = Debug|Any CPU
		{33D645DB-B09B-4D18-8BB4-192CA562B618}.Debug|Any CPU.Build.0 = Debug|Any CPU
		{33D645DB-B09B-4D18-8BB4-192CA562B618}.Release|Any CPU.ActiveCfg = Release|Any CPU
		{33D645DB-B09B-4D18-8BB4-192CA562B618}.Release|Any CPU.Build.0 = Release|Any CPU
		{3A5B8E53-F6D5-45FF-A064-8CFE3EAC8EB7}.Debug|Any CPU.ActiveCfg = Debug|Any CPU
		{3A5B8E53-F6D5-45FF-A064-8CFE3EAC8EB7}.Debug|Any CPU.Build.0 = Debug|Any CPU
		{3A5B8E53-F6D5-45FF-A064-8CFE3EAC8EB7}.Release|Any CPU.ActiveCfg = Release|Any CPU
		{3A5B8E53-F6D5-45FF-A064-8CFE3EAC8EB7}.Release|Any CPU.Build.0 = Release|Any CPU
		{2E94E629-2DF8-4E33-8EBE-B6170BC04A15}.Debug|Any CPU.ActiveCfg = Debug|Any CPU
		{2E94E629-2DF8-4E33-8EBE-B6170BC04A15}.Debug|Any CPU.Build.0 = Debug|Any CPU
		{2E94E629-2DF8-4E33-8EBE-B6170BC04A15}.Release|Any CPU.ActiveCfg = Release|Any CPU
		{2E94E629-2DF8-4E33-8EBE-B6170BC04A15}.Release|Any CPU.Build.0 = Release|Any CPU
		{7CE532F2-3D85-4B39-AF06-EF4CF2C175E9}.Debug|Any CPU.ActiveCfg = Debug|Any CPU
		{7CE532F2-3D85-4B39-AF06-EF4CF2C175E9}.Debug|Any CPU.Build.0 = Debug|Any CPU
		{7CE532F2-3D85-4B39-AF06-EF4CF2C175E9}.Release|Any CPU.ActiveCfg = Release|Any CPU
		{7CE532F2-3D85-4B39-AF06-EF4CF2C175E9}.Release|Any CPU.Build.0 = Release|Any CPU
		{AB1B9030-C39D-40D2-9A0B-3ED5CEBDAFB3}.Debug|Any CPU.ActiveCfg = Debug|Any CPU
		{AB1B9030-C39D-40D2-9A0B-3ED5CEBDAFB3}.Debug|Any CPU.Build.0 = Debug|Any CPU
		{AB1B9030-C39D-40D2-9A0B-3ED5CEBDAFB3}.Release|Any CPU.ActiveCfg = Release|Any CPU
		{AB1B9030-C39D-40D2-9A0B-3ED5CEBDAFB3}.Release|Any CPU.Build.0 = Release|Any CPU
		{9D811B1D-9BE3-434C-9BD2-C5EFC7CCC363}.Debug|Any CPU.ActiveCfg = Debug|Any CPU
		{9D811B1D-9BE3-434C-9BD2-C5EFC7CCC363}.Debug|Any CPU.Build.0 = Debug|Any CPU
		{9D811B1D-9BE3-434C-9BD2-C5EFC7CCC363}.Release|Any CPU.ActiveCfg = Release|Any CPU
		{9D811B1D-9BE3-434C-9BD2-C5EFC7CCC363}.Release|Any CPU.Build.0 = Release|Any CPU
	EndGlobalSection
	GlobalSection(SolutionProperties) = preSolution
		HideSolutionNode = FALSE
	EndGlobalSection
	GlobalSection(NestedProjects) = preSolution
		{4DBDA720-3632-4D7E-B6C4-61C8B020C5D4} = {CAF26647-489F-471F-B438-C5C165C4AB1D}
		{0A0D3A86-01F2-4881-87CB-E1C9DF7585F6} = {D432586A-2535-4BDE-9630-9DA73451C9FB}
		{823931F3-835C-4AD2-8524-6E603FB6B089} = {D432586A-2535-4BDE-9630-9DA73451C9FB}
		{C5B1FCA0-8029-4012-ACF5-C96273179CA9} = {D432586A-2535-4BDE-9630-9DA73451C9FB}
		{69C31B9B-2CA5-45AF-B183-70C7B621544B} = {3EF70A08-286F-414C-A4FD-67166A1F8202}
		{2D8CB655-B157-4A51-B9ED-3C833923D468} = {3EF70A08-286F-414C-A4FD-67166A1F8202}
		{7236F450-DD60-4BEC-BA50-ED3EAFB692F8} = {3EF70A08-286F-414C-A4FD-67166A1F8202}
		{33D645DB-B09B-4D18-8BB4-192CA562B618} = {F100D7A1-28B3-4524-90D7-A802C629E545}
		{3A5B8E53-F6D5-45FF-A064-8CFE3EAC8EB7} = {F100D7A1-28B3-4524-90D7-A802C629E545}
		{2E94E629-2DF8-4E33-8EBE-B6170BC04A15} = {F100D7A1-28B3-4524-90D7-A802C629E545}
		{7CE532F2-3D85-4B39-AF06-EF4CF2C175E9} = {CAF26647-489F-471F-B438-C5C165C4AB1D}
		{AB1B9030-C39D-40D2-9A0B-3ED5CEBDAFB3} = {6E871B7F-D3CE-4EF4-9B09-786518501F15}
		{9D811B1D-9BE3-434C-9BD2-C5EFC7CCC363} = {CAF26647-489F-471F-B438-C5C165C4AB1D}
	EndGlobalSection
	GlobalSection(ExtensibilityGlobals) = postSolution
		SolutionGuid = {0904616B-4DB5-4F51-A7C8-CD3C01F9AF61}
	EndGlobalSection
	GlobalSection(Performance) = preSolution
		HasPerformanceSessions = true
	EndGlobalSection
EndGlobal
